
Microsoft Visual Studio Solution File, Format Version 12.00
# Visual Studio Version 17
VisualStudioVersion = 17.9.34714.143
MinimumVisualStudioVersion = 10.0.40219.1
Project("{9A19103F-16F7-4668-BE54-9A1E7A4F7556}") = "gym-assignment", "gym-assignment.csproj", "{20623FC6-A97F-4B08-9A74-BEC530AE0E21}"
EndProject
Global
	GlobalSection(SolutionConfigurationPlatforms) = preSolution
		Debug|Any CPU = Debug|Any CPU
		Release|Any CPU = Release|Any CPU
	EndGlobalSection
	GlobalSection(ProjectConfigurationPlatforms) = postSolution
		{20623FC6-A97F-4B08-9A74-BEC530AE0E21}.Debug|Any CPU.ActiveCfg = Debug|Any CPU
		{20623FC6-A97F-4B08-9A74-BEC530AE0E21}.Debug|Any CPU.Build.0 = Debug|Any CPU
		{20623FC6-A97F-4B08-9A74-BEC530AE0E21}.Release|Any CPU.ActiveCfg = Release|Any CPU
		{20623FC6-A97F-4B08-9A74-BEC530AE0E21}.Release|Any CPU.Build.0 = Release|Any CPU
	EndGlobalSection
	GlobalSection(SolutionProperties) = preSolution
		HideSolutionNode = FALSE
	EndGlobalSection
	GlobalSection(ExtensibilityGlobals) = postSolution
		SolutionGuid = {FADD234A-68ED-4E5B-9803-6B8414F407FD}
	EndGlobalSection
EndGlobal
